
Microsoft Visual Studio Solution File, Format Version 12.00
# Visual Studio Version 16
VisualStudioVersion = 16.0.31702.278
MinimumVisualStudioVersion = 10.0.40219.1
Project("{2150E333-8FDC-42A3-9474-1A3956D46DE8}") = "src", "src", "{F9DD3880-29B0-4B6E-8478-B70F4C257E9E}"
EndProject
Project("{2150E333-8FDC-42A3-9474-1A3956D46DE8}") = "test", "test", "{3B355785-6881-46AE-A023-907038FD9E0B}"
EndProject
Project("{2150E333-8FDC-42A3-9474-1A3956D46DE8}") = "1 - Presentation", "1 - Presentation", "{AD7DDC21-EEEE-46D2-8994-1664803AE456}"
EndProject
Project("{2150E333-8FDC-42A3-9474-1A3956D46DE8}") = "2 - Services", "2 - Services", "{21F2A570-DABB-4687-8E0B-32A98C97F2B9}"
EndProject
Project("{2150E333-8FDC-42A3-9474-1A3956D46DE8}") = "3 - Application", "3 - Application", "{326D5B35-0009-485E-B955-7A1520B4144D}"
EndProject
Project("{2150E333-8FDC-42A3-9474-1A3956D46DE8}") = "4 - Domain", "4 - Domain", "{2197277E-FE44-4A33-97C9-B676F0786867}"
EndProject
Project("{2150E333-8FDC-42A3-9474-1A3956D46DE8}") = "5 - Infra", "5 - Infra", "{FBE8CDF0-121F-40AC-9116-C938F5AE61BE}"
EndProject
Project("{2150E333-8FDC-42A3-9474-1A3956D46DE8}") = "5.1 - Data", "5.1 - Data", "{CA146543-3D55-4714-9F52-BC0DAD96002C}"
EndProject
Project("{2150E333-8FDC-42A3-9474-1A3956D46DE8}") = "5.2 - CrossCutting", "5.2 - CrossCutting", "{93256D96-BFF9-4FEA-BEBA-C0C5C00A8D24}"
EndProject
Project("{9A19103F-16F7-4668-BE54-9A1E7A4F7556}") = "chat_application.UI.Web", "chat_application.UI.Web\chat_application.UI.Web.csproj", "{55888369-ACB2-4F0D-9BE7-73223223D24C}"
EndProject
Project("{9A19103F-16F7-4668-BE54-9A1E7A4F7556}") = "chat_application.Domain", "chat_application.Domain\chat_application.Domain.csproj", "{668BAE48-2141-4435-8A83-62A840BFE52C}"
EndProject
Project("{9A19103F-16F7-4668-BE54-9A1E7A4F7556}") = "chat_application.Application", "chat_application.Application\chat_application.Application.csproj", "{A8560763-1B56-4F90-A491-19EB3E1C78FB}"
EndProject
Project("{9A19103F-16F7-4668-BE54-9A1E7A4F7556}") = "chat_application.Infra.Data", "chat_application.Infra.Data\chat_application.Infra.Data.csproj", "{1BFADE7B-A8FE-4691-922B-53DF04095243}"
EndProject
Project("{9A19103F-16F7-4668-BE54-9A1E7A4F7556}") = "chat_application.Infra.CrossCutting.IoC", "chat_application.Infra.CrossCutting.IoC\chat_application.Infra.CrossCutting.IoC.csproj", "{DDE2F952-237D-41F0-B855-1FE2D6458247}"
EndProject
Project("{FAE04EC0-301F-11D3-BF4B-00C04F79EFBC}") = "chat_application.Infra.CrossCutting.Bus", "chat_application.Infra.CrossCutting.Bus\chat_application.Infra.CrossCutting.Bus.csproj", "{F9E15681-C055-4715-B340-4EB6F28DC254}"
EndProject
Project("{FAE04EC0-301F-11D3-BF4B-00C04F79EFBC}") = "BotService", "BotService\BotService.csproj", "{2EC9B02F-CA1D-4572-A123-98CA2FFD5A5F}"
EndProject
Project("{FAE04EC0-301F-11D3-BF4B-00C04F79EFBC}") = "BotService.Domain", "BotService.Domain\BotService.Domain.csproj", "{B914788D-9172-46D4-AD33-A22887E4A4FB}"
EndProject
Global
	GlobalSection(SolutionConfigurationPlatforms) = preSolution
		Debug|Any CPU = Debug|Any CPU
		Release|Any CPU = Release|Any CPU
	EndGlobalSection
	GlobalSection(ProjectConfigurationPlatforms) = postSolution
		{55888369-ACB2-4F0D-9BE7-73223223D24C}.Debug|Any CPU.ActiveCfg = Debug|Any CPU
		{55888369-ACB2-4F0D-9BE7-73223223D24C}.Debug|Any CPU.Build.0 = Debug|Any CPU
		{55888369-ACB2-4F0D-9BE7-73223223D24C}.Release|Any CPU.ActiveCfg = Release|Any CPU
		{55888369-ACB2-4F0D-9BE7-73223223D24C}.Release|Any CPU.Build.0 = Release|Any CPU
		{668BAE48-2141-4435-8A83-62A840BFE52C}.Debug|Any CPU.ActiveCfg = Debug|Any CPU
		{668BAE48-2141-4435-8A83-62A840BFE52C}.Debug|Any CPU.Build.0 = Debug|Any CPU
		{668BAE48-2141-4435-8A83-62A840BFE52C}.Release|Any CPU.ActiveCfg = Release|Any CPU
		{668BAE48-2141-4435-8A83-62A840BFE52C}.Release|Any CPU.Build.0 = Release|Any CPU
		{A8560763-1B56-4F90-A491-19EB3E1C78FB}.Debug|Any CPU.ActiveCfg = Debug|Any CPU
		{A8560763-1B56-4F90-A491-19EB3E1C78FB}.Debug|Any CPU.Build.0 = Debug|Any CPU
		{A8560763-1B56-4F90-A491-19EB3E1C78FB}.Release|Any CPU.ActiveCfg = Release|Any CPU
		{A8560763-1B56-4F90-A491-19EB3E1C78FB}.Release|Any CPU.Build.0 = Release|Any CPU
		{1BFADE7B-A8FE-4691-922B-53DF04095243}.Debug|Any CPU.ActiveCfg = Debug|Any CPU
		{1BFADE7B-A8FE-4691-922B-53DF04095243}.Debug|Any CPU.Build.0 = Debug|Any CPU
		{1BFADE7B-A8FE-4691-922B-53DF04095243}.Release|Any CPU.ActiveCfg = Release|Any CPU
		{1BFADE7B-A8FE-4691-922B-53DF04095243}.Release|Any CPU.Build.0 = Release|Any CPU
		{DDE2F952-237D-41F0-B855-1FE2D6458247}.Debug|Any CPU.ActiveCfg = Debug|Any CPU
		{DDE2F952-237D-41F0-B855-1FE2D6458247}.Debug|Any CPU.Build.0 = Debug|Any CPU
		{DDE2F952-237D-41F0-B855-1FE2D6458247}.Release|Any CPU.ActiveCfg = Release|Any CPU
		{DDE2F952-237D-41F0-B855-1FE2D6458247}.Release|Any CPU.Build.0 = Release|Any CPU
		{F9E15681-C055-4715-B340-4EB6F28DC254}.Debug|Any CPU.ActiveCfg = Debug|Any CPU
		{F9E15681-C055-4715-B340-4EB6F28DC254}.Debug|Any CPU.Build.0 = Debug|Any CPU
		{F9E15681-C055-4715-B340-4EB6F28DC254}.Release|Any CPU.ActiveCfg = Release|Any CPU
		{F9E15681-C055-4715-B340-4EB6F28DC254}.Release|Any CPU.Build.0 = Release|Any CPU
		{2EC9B02F-CA1D-4572-A123-98CA2FFD5A5F}.Debug|Any CPU.ActiveCfg = Debug|Any CPU
		{2EC9B02F-CA1D-4572-A123-98CA2FFD5A5F}.Debug|Any CPU.Build.0 = Debug|Any CPU
		{2EC9B02F-CA1D-4572-A123-98CA2FFD5A5F}.Release|Any CPU.ActiveCfg = Release|Any CPU
		{2EC9B02F-CA1D-4572-A123-98CA2FFD5A5F}.Release|Any CPU.Build.0 = Release|Any CPU
		{B914788D-9172-46D4-AD33-A22887E4A4FB}.Debug|Any CPU.ActiveCfg = Debug|Any CPU
		{B914788D-9172-46D4-AD33-A22887E4A4FB}.Debug|Any CPU.Build.0 = Debug|Any CPU
		{B914788D-9172-46D4-AD33-A22887E4A4FB}.Release|Any CPU.ActiveCfg = Release|Any CPU
		{B914788D-9172-46D4-AD33-A22887E4A4FB}.Release|Any CPU.Build.0 = Release|Any CPU
	EndGlobalSection
	GlobalSection(SolutionProperties) = preSolution
		HideSolutionNode = FALSE
	EndGlobalSection
	GlobalSection(NestedProjects) = preSolution
		{AD7DDC21-EEEE-46D2-8994-1664803AE456} = {F9DD3880-29B0-4B6E-8478-B70F4C257E9E}
		{21F2A570-DABB-4687-8E0B-32A98C97F2B9} = {F9DD3880-29B0-4B6E-8478-B70F4C257E9E}
		{326D5B35-0009-485E-B955-7A1520B4144D} = {F9DD3880-29B0-4B6E-8478-B70F4C257E9E}
		{2197277E-FE44-4A33-97C9-B676F0786867} = {F9DD3880-29B0-4B6E-8478-B70F4C257E9E}
		{FBE8CDF0-121F-40AC-9116-C938F5AE61BE} = {F9DD3880-29B0-4B6E-8478-B70F4C257E9E}
		{CA146543-3D55-4714-9F52-BC0DAD96002C} = {FBE8CDF0-121F-40AC-9116-C938F5AE61BE}
		{93256D96-BFF9-4FEA-BEBA-C0C5C00A8D24} = {FBE8CDF0-121F-40AC-9116-C938F5AE61BE}
		{55888369-ACB2-4F0D-9BE7-73223223D24C} = {AD7DDC21-EEEE-46D2-8994-1664803AE456}
		{668BAE48-2141-4435-8A83-62A840BFE52C} = {2197277E-FE44-4A33-97C9-B676F0786867}
		{A8560763-1B56-4F90-A491-19EB3E1C78FB} = {326D5B35-0009-485E-B955-7A1520B4144D}
		{1BFADE7B-A8FE-4691-922B-53DF04095243} = {CA146543-3D55-4714-9F52-BC0DAD96002C}
		{DDE2F952-237D-41F0-B855-1FE2D6458247} = {93256D96-BFF9-4FEA-BEBA-C0C5C00A8D24}
		{F9E15681-C055-4715-B340-4EB6F28DC254} = {93256D96-BFF9-4FEA-BEBA-C0C5C00A8D24}
		{2EC9B02F-CA1D-4572-A123-98CA2FFD5A5F} = {21F2A570-DABB-4687-8E0B-32A98C97F2B9}
		{B914788D-9172-46D4-AD33-A22887E4A4FB} = {2197277E-FE44-4A33-97C9-B676F0786867}
	EndGlobalSection
	GlobalSection(ExtensibilityGlobals) = postSolution
		SolutionGuid = {4D85AA38-BBDB-43E8-8A0B-62D3D8FFD53A}
	EndGlobalSection
EndGlobal
